
Microsoft Visual Studio Solution File, Format Version 12.00
# Visual Studio Version 16
VisualStudioVersion = 16.0.31205.134
MinimumVisualStudioVersion = 10.0.40219.1
Project("{9A19103F-16F7-4668-BE54-9A1E7A4F7556}") = "HACS.WPF", "HACS.WPF.csproj", "{0D4F73AD-C983-4C95-A447-A0B0752893B9}"
EndProject
Project("{9A19103F-16F7-4668-BE54-9A1E7A4F7556}") = "HACS", "..\HACS\HACS.csproj", "{4D0BA008-58ED-4FB1-84C9-E019BB02D7C0}"
EndProject
Project("{9A19103F-16F7-4668-BE54-9A1E7A4F7556}") = "Utilities", "..\Utilities\Utilities.csproj", "{BC75E940-ADE9-4889-804A-7CD5619AC4DF}"
EndProject
Global
	GlobalSection(SolutionConfigurationPlatforms) = preSolution
		Debug|Any CPU = Debug|Any CPU
		Release|Any CPU = Release|Any CPU
	EndGlobalSection
	GlobalSection(ProjectConfigurationPlatforms) = postSolution
		{0D4F73AD-C983-4C95-A447-A0B0752893B9}.Debug|Any CPU.ActiveCfg = Debug|Any CPU
		{0D4F73AD-C983-4C95-A447-A0B0752893B9}.Debug|Any CPU.Build.0 = Debug|Any CPU
		{0D4F73AD-C983-4C95-A447-A0B0752893B9}.Release|Any CPU.ActiveCfg = Release|Any CPU
		{0D4F73AD-C983-4C95-A447-A0B0752893B9}.Release|Any CPU.Build.0 = Release|Any CPU
		{4D0BA008-58ED-4FB1-84C9-E019BB02D7C0}.Debug|Any CPU.ActiveCfg = Debug|Any CPU
		{4D0BA008-58ED-4FB1-84C9-E019BB02D7C0}.Debug|Any CPU.Build.0 = Debug|Any CPU
		{4D0BA008-58ED-4FB1-84C9-E019BB02D7C0}.Release|Any CPU.ActiveCfg = Release|Any CPU
		{4D0BA008-58ED-4FB1-84C9-E019BB02D7C0}.Release|Any CPU.Build.0 = Release|Any CPU
		{BC75E940-ADE9-4889-804A-7CD5619AC4DF}.Debug|Any CPU.ActiveCfg = Debug|Any CPU
		{BC75E940-ADE9-4889-804A-7CD5619AC4DF}.Debug|Any CPU.Build.0 = Debug|Any CPU
		{BC75E940-ADE9-4889-804A-7CD5619AC4DF}.Release|Any CPU.ActiveCfg = Release|Any CPU
		{BC75E940-ADE9-4889-804A-7CD5619AC4DF}.Release|Any CPU.Build.0 = Release|Any CPU
	EndGlobalSection
	GlobalSection(SolutionProperties) = preSolution
		HideSolutionNode = FALSE
	EndGlobalSection
	GlobalSection(ExtensibilityGlobals) = postSolution
		SolutionGuid = {C8370979-4F2A-4FDC-BA60-C29253A6DCE8}
	EndGlobalSection
EndGlobal
